
Microsoft Visual Studio Solution File, Format Version 12.00
# Visual Studio Version 16
VisualStudioVersion = 16.0.31112.23
MinimumVisualStudioVersion = 10.0.40219.1
Project("{FAE04EC0-301F-11D3-BF4B-00C04F79EFBC}") = "SpectrumLook", "SpectrumLook\SpectrumLook.csproj", "{AF37BC26-D110-44A1-B582-F9F3B2DD004B}"
EndProject
Project("{FAE04EC0-301F-11D3-BF4B-00C04F79EFBC}") = "SpectrumLookTests", "SpectrumLookTests\SpectrumLookTests.csproj", "{78C8E8FF-024C-424D-8C0E-07B9C3634951}"
EndProject
Project("{2150E333-8FDC-42A3-9474-1A3956D46DE8}") = "Solution Items", "Solution Items", "{03CE3813-73E0-4219-97FF-03761F1EE1DE}"
	ProjectSection(SolutionItems) = preProject
		Local.testsettings = Local.testsettings
		Prototype42.vsmdi = Prototype42.vsmdi
		TraceAndTestImpact.testsettings = TraceAndTestImpact.testsettings
	EndProjectSection
EndProject
Global
	GlobalSection(SolutionConfigurationPlatforms) = preSolution
		Debug|x86 = Debug|x86
		Release|x86 = Release|x86
	EndGlobalSection
	GlobalSection(ProjectConfigurationPlatforms) = postSolution
		{AF37BC26-D110-44A1-B582-F9F3B2DD004B}.Debug|x86.ActiveCfg = Debug|x86
		{AF37BC26-D110-44A1-B582-F9F3B2DD004B}.Debug|x86.Build.0 = Debug|x86
		{AF37BC26-D110-44A1-B582-F9F3B2DD004B}.Release|x86.ActiveCfg = Release|x86
		{AF37BC26-D110-44A1-B582-F9F3B2DD004B}.Release|x86.Build.0 = Release|x86
		{78C8E8FF-024C-424D-8C0E-07B9C3634951}.Debug|x86.ActiveCfg = Debug|x86
		{78C8E8FF-024C-424D-8C0E-07B9C3634951}.Release|x86.ActiveCfg = Release|x86
	EndGlobalSection
	GlobalSection(SolutionProperties) = preSolution
		HideSolutionNode = FALSE
	EndGlobalSection
	GlobalSection(ExtensibilityGlobals) = postSolution
		SolutionGuid = {BFE3F050-F5B9-4C14-88D6-A8CB9714B12A}
	EndGlobalSection
	GlobalSection(TestCaseManagementSettings) = postSolution
		CategoryFile = Prototype42.vsmdi
	EndGlobalSection
EndGlobal
